
Microsoft Visual Studio Solution File, Format Version 12.00
# Visual Studio Version 17
VisualStudioVersion = 17.9.34701.34
MinimumVisualStudioVersion = 10.0.40219.1
Project("{9A19103F-16F7-4668-BE54-9A1E7A4F7556}") = "AerialView", "AerialView\AerialView.csproj", "{0F0D6E30-C3AE-43EA-8350-B15A280A5879}"
EndProject
Project("{2150E333-8FDC-42A3-9474-1A3956D46DE8}") = "DevExtreme NuGet.config", "DevExtreme NuGet.config", "{68A47457-1FD7-4683-A169-148119B684E8}"
	ProjectSection(SolutionItems) = preProject
		NuGet.config = NuGet.config
	EndProjectSection
EndProject
Global
	GlobalSection(SolutionConfigurationPlatforms) = preSolution
		Debug|Any CPU = Debug|Any CPU
		Release|Any CPU = Release|Any CPU
	EndGlobalSection
	GlobalSection(ProjectConfigurationPlatforms) = postSolution
		{0F0D6E30-C3AE-43EA-8350-B15A280A5879}.Debug|Any CPU.ActiveCfg = Debug|Any CPU
		{0F0D6E30-C3AE-43EA-8350-B15A280A5879}.Debug|Any CPU.Build.0 = Debug|Any CPU
		{0F0D6E30-C3AE-43EA-8350-B15A280A5879}.Release|Any CPU.ActiveCfg = Release|Any CPU
		{0F0D6E30-C3AE-43EA-8350-B15A280A5879}.Release|Any CPU.Build.0 = Release|Any CPU
	EndGlobalSection
	GlobalSection(SolutionProperties) = preSolution
		HideSolutionNode = FALSE
	EndGlobalSection
	GlobalSection(ExtensibilityGlobals) = postSolution
		SolutionGuid = {1BEB8AE7-7F1E-4C66-AF43-063C56989F9A}
	EndGlobalSection
EndGlobal
